
Microsoft Visual Studio Solution File, Format Version 12.00
Project("{2150E333-8FDC-42A3-9474-1A3956D46DE8}") = "src", "src", "{21E3CE0B-4488-41DE-98B6-3D9F0BFC582F}"
EndProject
Project("{2150E333-8FDC-42A3-9474-1A3956D46DE8}") = "tests", "tests", "{9469B64F-3194-4D28-9C36-3ACD38112C15}"
EndProject
Project("{FAE04EC0-301F-11D3-BF4B-00C04F79EFBC}") = "Domain", "src\Domain\Domain.csproj", "{5B9DF39B-09D2-47DB-8774-A38B3442FEB2}"
EndProject
Project("{FAE04EC0-301F-11D3-BF4B-00C04F79EFBC}") = "Application", "src\Application\Application.csproj", "{80E61A57-71E2-4904-9ACE-A04536E83925}"
EndProject
Project("{FAE04EC0-301F-11D3-BF4B-00C04F79EFBC}") = "Infrastructure", "src\Infrastructure\Infrastructure.csproj", "{AC40A09F-CAD1-445F-B3E9-1D58EB942A01}"
EndProject
Project("{FAE04EC0-301F-11D3-BF4B-00C04F79EFBC}") = "WebApi", "src\WebApi\WebApi.csproj", "{185E2A9C-5236-44B3-89CD-7800A8D97C77}"
EndProject
Project("{FAE04EC0-301F-11D3-BF4B-00C04F79EFBC}") = "Application.UnitTests", "tests\Application.UnitTests\Application.UnitTests.csproj", "{FC99BA8E-2806-4372-8381-66DF0FF5D0A7}"
EndProject
Project("{FAE04EC0-301F-11D3-BF4B-00C04F79EFBC}") = "Application.IntegrationTests", "tests\Application.IntegrationTests\Application.IntegrationTests.csproj", "{B16F5469-28D1-4D83-B0E8-02BF98F0ADB4}"
EndProject
Project("{FAE04EC0-301F-11D3-BF4B-00C04F79EFBC}") = "Crawler", "src\Crawler\Crawler.csproj", "{E25CB26F-CEB5-4D3A-86E3-65D2E65FE34C}"
EndProject
Project("{FAE04EC0-301F-11D3-BF4B-00C04F79EFBC}") = "Wasm", "src\Wasm\Wasm.csproj", "{DE443100-7420-4321-A811-0C999AE1AAAE}"
EndProject
Global
	GlobalSection(SolutionConfigurationPlatforms) = preSolution
		Debug|Any CPU = Debug|Any CPU
		Release|Any CPU = Release|Any CPU
	EndGlobalSection
	GlobalSection(NestedProjects) = preSolution
		{5B9DF39B-09D2-47DB-8774-A38B3442FEB2} = {21E3CE0B-4488-41DE-98B6-3D9F0BFC582F}
		{80E61A57-71E2-4904-9ACE-A04536E83925} = {21E3CE0B-4488-41DE-98B6-3D9F0BFC582F}
		{AC40A09F-CAD1-445F-B3E9-1D58EB942A01} = {21E3CE0B-4488-41DE-98B6-3D9F0BFC582F}
		{185E2A9C-5236-44B3-89CD-7800A8D97C77} = {21E3CE0B-4488-41DE-98B6-3D9F0BFC582F}
		{FC99BA8E-2806-4372-8381-66DF0FF5D0A7} = {9469B64F-3194-4D28-9C36-3ACD38112C15}
		{B16F5469-28D1-4D83-B0E8-02BF98F0ADB4} = {9469B64F-3194-4D28-9C36-3ACD38112C15}
		{E25CB26F-CEB5-4D3A-86E3-65D2E65FE34C} = {21E3CE0B-4488-41DE-98B6-3D9F0BFC582F}
		{DE443100-7420-4321-A811-0C999AE1AAAE} = {21E3CE0B-4488-41DE-98B6-3D9F0BFC582F}
	EndGlobalSection
	GlobalSection(ProjectConfigurationPlatforms) = postSolution
		{5B9DF39B-09D2-47DB-8774-A38B3442FEB2}.Debug|Any CPU.ActiveCfg = Debug|Any CPU
		{5B9DF39B-09D2-47DB-8774-A38B3442FEB2}.Debug|Any CPU.Build.0 = Debug|Any CPU
		{5B9DF39B-09D2-47DB-8774-A38B3442FEB2}.Release|Any CPU.ActiveCfg = Release|Any CPU
		{5B9DF39B-09D2-47DB-8774-A38B3442FEB2}.Release|Any CPU.Build.0 = Release|Any CPU
		{80E61A57-71E2-4904-9ACE-A04536E83925}.Debug|Any CPU.ActiveCfg = Debug|Any CPU
		{80E61A57-71E2-4904-9ACE-A04536E83925}.Debug|Any CPU.Build.0 = Debug|Any CPU
		{80E61A57-71E2-4904-9ACE-A04536E83925}.Release|Any CPU.ActiveCfg = Release|Any CPU
		{80E61A57-71E2-4904-9ACE-A04536E83925}.Release|Any CPU.Build.0 = Release|Any CPU
		{AC40A09F-CAD1-445F-B3E9-1D58EB942A01}.Debug|Any CPU.ActiveCfg = Debug|Any CPU
		{AC40A09F-CAD1-445F-B3E9-1D58EB942A01}.Debug|Any CPU.Build.0 = Debug|Any CPU
		{AC40A09F-CAD1-445F-B3E9-1D58EB942A01}.Release|Any CPU.ActiveCfg = Release|Any CPU
		{AC40A09F-CAD1-445F-B3E9-1D58EB942A01}.Release|Any CPU.Build.0 = Release|Any CPU
		{185E2A9C-5236-44B3-89CD-7800A8D97C77}.Debug|Any CPU.ActiveCfg = Debug|Any CPU
		{185E2A9C-5236-44B3-89CD-7800A8D97C77}.Debug|Any CPU.Build.0 = Debug|Any CPU
		{185E2A9C-5236-44B3-89CD-7800A8D97C77}.Release|Any CPU.ActiveCfg = Release|Any CPU
		{185E2A9C-5236-44B3-89CD-7800A8D97C77}.Release|Any CPU.Build.0 = Release|Any CPU
		{FC99BA8E-2806-4372-8381-66DF0FF5D0A7}.Debug|Any CPU.ActiveCfg = Debug|Any CPU
		{FC99BA8E-2806-4372-8381-66DF0FF5D0A7}.Debug|Any CPU.Build.0 = Debug|Any CPU
		{FC99BA8E-2806-4372-8381-66DF0FF5D0A7}.Release|Any CPU.ActiveCfg = Release|Any CPU
		{FC99BA8E-2806-4372-8381-66DF0FF5D0A7}.Release|Any CPU.Build.0 = Release|Any CPU
		{B16F5469-28D1-4D83-B0E8-02BF98F0ADB4}.Debug|Any CPU.ActiveCfg = Debug|Any CPU
		{B16F5469-28D1-4D83-B0E8-02BF98F0ADB4}.Debug|Any CPU.Build.0 = Debug|Any CPU
		{B16F5469-28D1-4D83-B0E8-02BF98F0ADB4}.Release|Any CPU.ActiveCfg = Release|Any CPU
		{B16F5469-28D1-4D83-B0E8-02BF98F0ADB4}.Release|Any CPU.Build.0 = Release|Any CPU
		{E25CB26F-CEB5-4D3A-86E3-65D2E65FE34C}.Debug|Any CPU.ActiveCfg = Debug|Any CPU
		{E25CB26F-CEB5-4D3A-86E3-65D2E65FE34C}.Debug|Any CPU.Build.0 = Debug|Any CPU
		{E25CB26F-CEB5-4D3A-86E3-65D2E65FE34C}.Release|Any CPU.ActiveCfg = Release|Any CPU
		{E25CB26F-CEB5-4D3A-86E3-65D2E65FE34C}.Release|Any CPU.Build.0 = Release|Any CPU
		{DE443100-7420-4321-A811-0C999AE1AAAE}.Debug|Any CPU.ActiveCfg = Debug|Any CPU
		{DE443100-7420-4321-A811-0C999AE1AAAE}.Debug|Any CPU.Build.0 = Debug|Any CPU
		{DE443100-7420-4321-A811-0C999AE1AAAE}.Release|Any CPU.ActiveCfg = Release|Any CPU
		{DE443100-7420-4321-A811-0C999AE1AAAE}.Release|Any CPU.Build.0 = Release|Any CPU
	EndGlobalSection
EndGlobal
