
Microsoft Visual Studio Solution File, Format Version 12.00
# Visual Studio Version 17
VisualStudioVersion = 17.5.33502.453
MinimumVisualStudioVersion = 10.0.40219.1
Project("{FAE04EC0-301F-11D3-BF4B-00C04F79EFBC}") = "UpStorageChat", "UpStorageChat\UpStorageChat.csproj", "{B581256F-B885-46C6-A1C4-9F0DA1988C7D}"
EndProject
Global
	GlobalSection(SolutionConfigurationPlatforms) = preSolution
		Debug|Any CPU = Debug|Any CPU
		Release|Any CPU = Release|Any CPU
	EndGlobalSection
	GlobalSection(ProjectConfigurationPlatforms) = postSolution
		{B581256F-B885-46C6-A1C4-9F0DA1988C7D}.Debug|Any CPU.ActiveCfg = Debug|Any CPU
		{B581256F-B885-46C6-A1C4-9F0DA1988C7D}.Debug|Any CPU.Build.0 = Debug|Any CPU
		{B581256F-B885-46C6-A1C4-9F0DA1988C7D}.Release|Any CPU.ActiveCfg = Release|Any CPU
		{B581256F-B885-46C6-A1C4-9F0DA1988C7D}.Release|Any CPU.Build.0 = Release|Any CPU
	EndGlobalSection
	GlobalSection(SolutionProperties) = preSolution
		HideSolutionNode = FALSE
	EndGlobalSection
	GlobalSection(ExtensibilityGlobals) = postSolution
		SolutionGuid = {E1A718F1-382D-4266-B486-C7C1078C69D1}
	EndGlobalSection
EndGlobal
